
Microsoft Visual Studio Solution File, Format Version 12.00
# Visual Studio Version 17
VisualStudioVersion = 17.11.35222.181
MinimumVisualStudioVersion = 10.0.40219.1
Project("{8BC9CEB8-8B4A-11D0-8D11-00A0C91BC942}") = "VVVVVV", "VVVVVV.vcxproj", "{3B873331-2F10-4055-8D2A-96A0AFCA8A1A}"
	ProjectSection(ProjectDependencies) = postProject
		{7F9EAC73-F476-43BA-8C8E-E6254DA7E044} = {7F9EAC73-F476-43BA-8C8E-E6254DA7E044}
		{8C5C9B81-8B88-4E2D-8921-E76ABF361B75} = {8C5C9B81-8B88-4E2D-8921-E76ABF361B75}
		{E5E66F46-C9A5-474D-AA1B-CB1A2FF4111B} = {E5E66F46-C9A5-474D-AA1B-CB1A2FF4111B}
	EndProjectSection
EndProject
Project("{8BC9CEB8-8B4A-11D0-8D11-00A0C91BC942}") = "EngineBase", "..\EngineBase\EngineBase.vcxproj", "{8C5C9B81-8B88-4E2D-8921-E76ABF361B75}"
EndProject
Project("{8BC9CEB8-8B4A-11D0-8D11-00A0C91BC942}") = "EnginePlatform", "..\EnginePlatform\EnginePlatform.vcxproj", "{7F9EAC73-F476-43BA-8C8E-E6254DA7E044}"
	ProjectSection(ProjectDependencies) = postProject
		{8C5C9B81-8B88-4E2D-8921-E76ABF361B75} = {8C5C9B81-8B88-4E2D-8921-E76ABF361B75}
	EndProjectSection
EndProject
Project("{8BC9CEB8-8B4A-11D0-8D11-00A0C91BC942}") = "EngineCore", "..\EngineCore\EngineCore.vcxproj", "{E5E66F46-C9A5-474D-AA1B-CB1A2FF4111B}"
	ProjectSection(ProjectDependencies) = postProject
		{7F9EAC73-F476-43BA-8C8E-E6254DA7E044} = {7F9EAC73-F476-43BA-8C8E-E6254DA7E044}
		{8C5C9B81-8B88-4E2D-8921-E76ABF361B75} = {8C5C9B81-8B88-4E2D-8921-E76ABF361B75}
	EndProjectSection
EndProject
Project("{8BC9CEB8-8B4A-11D0-8D11-00A0C91BC942}") = "App", "..\App\App.vcxproj", "{CA906CC6-93DC-4B4B-8444-0E4CCC18C4F8}"
	ProjectSection(ProjectDependencies) = postProject
		{3B873331-2F10-4055-8D2A-96A0AFCA8A1A} = {3B873331-2F10-4055-8D2A-96A0AFCA8A1A}
		{7F9EAC73-F476-43BA-8C8E-E6254DA7E044} = {7F9EAC73-F476-43BA-8C8E-E6254DA7E044}
		{8C5C9B81-8B88-4E2D-8921-E76ABF361B75} = {8C5C9B81-8B88-4E2D-8921-E76ABF361B75}
		{E5E66F46-C9A5-474D-AA1B-CB1A2FF4111B} = {E5E66F46-C9A5-474D-AA1B-CB1A2FF4111B}
	EndProjectSection
EndProject
Project("{2150E333-8FDC-42A3-9474-1A3956D46DE8}") = "0_Base", "0_Base", "{A619F868-C64C-40CE-9C7F-5F94C644FDFC}"
EndProject
Project("{2150E333-8FDC-42A3-9474-1A3956D46DE8}") = "1_OS", "1_OS", "{93404C3C-2890-4553-9B70-82AE01F83581}"
EndProject
Project("{2150E333-8FDC-42A3-9474-1A3956D46DE8}") = "2_Engine", "2_Engine", "{9364EA2D-89A0-4EB6-BB9C-C9B18E53446D}"
EndProject
Project("{2150E333-8FDC-42A3-9474-1A3956D46DE8}") = "3_Contents", "3_Contents", "{4C98E897-0D64-4B79-9FA5-2A368C599307}"
EndProject
Project("{2150E333-8FDC-42A3-9474-1A3956D46DE8}") = "4_App", "4_App", "{C49C284D-9B8D-40FD-9757-08B4F5E9DB8D}"
EndProject
Global
	GlobalSection(SolutionConfigurationPlatforms) = preSolution
		Debug|x64 = Debug|x64
		Debug|x86 = Debug|x86
		Release|x64 = Release|x64
		Release|x86 = Release|x86
	EndGlobalSection
	GlobalSection(ProjectConfigurationPlatforms) = postSolution
		{3B873331-2F10-4055-8D2A-96A0AFCA8A1A}.Debug|x64.ActiveCfg = Debug|x64
		{3B873331-2F10-4055-8D2A-96A0AFCA8A1A}.Debug|x64.Build.0 = Debug|x64
		{3B873331-2F10-4055-8D2A-96A0AFCA8A1A}.Debug|x86.ActiveCfg = Debug|Win32
		{3B873331-2F10-4055-8D2A-96A0AFCA8A1A}.Debug|x86.Build.0 = Debug|Win32
		{3B873331-2F10-4055-8D2A-96A0AFCA8A1A}.Release|x64.ActiveCfg = Release|x64
		{3B873331-2F10-4055-8D2A-96A0AFCA8A1A}.Release|x64.Build.0 = Release|x64
		{3B873331-2F10-4055-8D2A-96A0AFCA8A1A}.Release|x86.ActiveCfg = Release|Win32
		{3B873331-2F10-4055-8D2A-96A0AFCA8A1A}.Release|x86.Build.0 = Release|Win32
		{8C5C9B81-8B88-4E2D-8921-E76ABF361B75}.Debug|x64.ActiveCfg = Debug|x64
		{8C5C9B81-8B88-4E2D-8921-E76ABF361B75}.Debug|x64.Build.0 = Debug|x64
		{8C5C9B81-8B88-4E2D-8921-E76ABF361B75}.Debug|x86.ActiveCfg = Debug|Win32
		{8C5C9B81-8B88-4E2D-8921-E76ABF361B75}.Debug|x86.Build.0 = Debug|Win32
		{8C5C9B81-8B88-4E2D-8921-E76ABF361B75}.Release|x64.ActiveCfg = Release|x64
		{8C5C9B81-8B88-4E2D-8921-E76ABF361B75}.Release|x64.Build.0 = Release|x64
		{8C5C9B81-8B88-4E2D-8921-E76ABF361B75}.Release|x86.ActiveCfg = Release|Win32
		{8C5C9B81-8B88-4E2D-8921-E76ABF361B75}.Release|x86.Build.0 = Release|Win32
		{7F9EAC73-F476-43BA-8C8E-E6254DA7E044}.Debug|x64.ActiveCfg = Debug|x64
		{7F9EAC73-F476-43BA-8C8E-E6254DA7E044}.Debug|x64.Build.0 = Debug|x64
		{7F9EAC73-F476-43BA-8C8E-E6254DA7E044}.Debug|x86.ActiveCfg = Debug|Win32
		{7F9EAC73-F476-43BA-8C8E-E6254DA7E044}.Debug|x86.Build.0 = Debug|Win32
		{7F9EAC73-F476-43BA-8C8E-E6254DA7E044}.Release|x64.ActiveCfg = Release|x64
		{7F9EAC73-F476-43BA-8C8E-E6254DA7E044}.Release|x64.Build.0 = Release|x64
		{7F9EAC73-F476-43BA-8C8E-E6254DA7E044}.Release|x86.ActiveCfg = Release|Win32
		{7F9EAC73-F476-43BA-8C8E-E6254DA7E044}.Release|x86.Build.0 = Release|Win32
		{E5E66F46-C9A5-474D-AA1B-CB1A2FF4111B}.Debug|x64.ActiveCfg = Debug|x64
		{E5E66F46-C9A5-474D-AA1B-CB1A2FF4111B}.Debug|x64.Build.0 = Debug|x64
		{E5E66F46-C9A5-474D-AA1B-CB1A2FF4111B}.Debug|x86.ActiveCfg = Debug|Win32
		{E5E66F46-C9A5-474D-AA1B-CB1A2FF4111B}.Debug|x86.Build.0 = Debug|Win32
		{E5E66F46-C9A5-474D-AA1B-CB1A2FF4111B}.Release|x64.ActiveCfg = Release|x64
		{E5E66F46-C9A5-474D-AA1B-CB1A2FF4111B}.Release|x64.Build.0 = Release|x64
		{E5E66F46-C9A5-474D-AA1B-CB1A2FF4111B}.Release|x86.ActiveCfg = Release|Win32
		{E5E66F46-C9A5-474D-AA1B-CB1A2FF4111B}.Release|x86.Build.0 = Release|Win32
		{CA906CC6-93DC-4B4B-8444-0E4CCC18C4F8}.Debug|x64.ActiveCfg = Debug|x64
		{CA906CC6-93DC-4B4B-8444-0E4CCC18C4F8}.Debug|x64.Build.0 = Debug|x64
		{CA906CC6-93DC-4B4B-8444-0E4CCC18C4F8}.Debug|x86.ActiveCfg = Debug|Win32
		{CA906CC6-93DC-4B4B-8444-0E4CCC18C4F8}.Debug|x86.Build.0 = Debug|Win32
		{CA906CC6-93DC-4B4B-8444-0E4CCC18C4F8}.Release|x64.ActiveCfg = Release|x64
		{CA906CC6-93DC-4B4B-8444-0E4CCC18C4F8}.Release|x64.Build.0 = Release|x64
		{CA906CC6-93DC-4B4B-8444-0E4CCC18C4F8}.Release|x86.ActiveCfg = Release|Win32
		{CA906CC6-93DC-4B4B-8444-0E4CCC18C4F8}.Release|x86.Build.0 = Release|Win32
	EndGlobalSection
	GlobalSection(SolutionProperties) = preSolution
		HideSolutionNode = FALSE
	EndGlobalSection
	GlobalSection(NestedProjects) = preSolution
		{3B873331-2F10-4055-8D2A-96A0AFCA8A1A} = {4C98E897-0D64-4B79-9FA5-2A368C599307}
		{8C5C9B81-8B88-4E2D-8921-E76ABF361B75} = {A619F868-C64C-40CE-9C7F-5F94C644FDFC}
		{7F9EAC73-F476-43BA-8C8E-E6254DA7E044} = {93404C3C-2890-4553-9B70-82AE01F83581}
		{E5E66F46-C9A5-474D-AA1B-CB1A2FF4111B} = {9364EA2D-89A0-4EB6-BB9C-C9B18E53446D}
		{CA906CC6-93DC-4B4B-8444-0E4CCC18C4F8} = {C49C284D-9B8D-40FD-9757-08B4F5E9DB8D}
	EndGlobalSection
	GlobalSection(ExtensibilityGlobals) = postSolution
		SolutionGuid = {5D8A2FF4-CF64-448F-9C8F-F3D2B35730C8}
	EndGlobalSection
EndGlobal
