<?xml version="1.0" encoding="utf-8"?>
<Project ToolsVersion="4.0" xmlns="http://schemas.microsoft.com/developer/msbuild/2003">
  <ItemGroup>
    <ClInclude Include="pch.h">
      <Filter>pch</Filter>
    </ClInclude>
    <ClInclude Include="V6ContentsCore.h">
      <Filter>Core</Filter>
    </ClInclude>
    <ClInclude Include="PlayGameMode.h">
      <Filter>ContentsObject\GameMode</Filter>
    </ClInclude>
    <ClInclude Include="TitleGameMode.h">
      <Filter>ContentsObject\GameMode</Filter>
    </ClInclude>
    <ClInclude Include="EndingGameMode.h">
      <Filter>ContentsObject\GameMode</Filter>
    </ClInclude>
    <ClInclude Include="TileMapEditorMode.h">
      <Filter>ContentsObject\GameMode\MapEditor</Filter>
    </ClInclude>
    <ClInclude Include="GameConst.h">
      <Filter>Define</Filter>
    </ClInclude>
    <ClInclude Include="Enums.h">
      <Filter>Define</Filter>
    </ClInclude>
    <ClInclude Include="BackGround.h">
      <Filter>ContentsObject\Map\GameWorld\Room\BackGround</Filter>
    </ClInclude>
    <ClInclude Include="Room.h">
      <Filter>ContentsObject\Map\GameWorld\Room</Filter>
    </ClInclude>
    <ClInclude Include="Entity.h">
      <Filter>ContentsObject\Entity</Filter>
    </ClInclude>
    <ClInclude Include="PistonEntity.h">
      <Filter>ContentsObject\Entity\PistonEntity</Filter>
    </ClInclude>
    <ClInclude Include="Guy.h">
      <Filter>ContentsObject\Entity\Guy</Filter>
    </ClInclude>
    <ClInclude Include="Player.h">
      <Filter>ContentsObject\Player</Filter>
    </ClInclude>
    <ClInclude Include="Tile.h">
      <Filter>ContentsObject\Map\GameWorld\Room\Tile</Filter>
    </ClInclude>
    <ClInclude Include="GameWorld.h">
      <Filter>ContentsObject\Map\GameWorld</Filter>
    </ClInclude>
    <ClInclude Include="Platform.h">
      <Filter>ContentsObject\Entity\PistonEntity\Platform</Filter>
    </ClInclude>
    <ClInclude Include="CheckPoint.h">
      <Filter>ContentsObject\Entity\CheckPoint</Filter>
    </ClInclude>
    <ClInclude Include="Teleport.h">
      <Filter>ContentsObject\Entity\Teleport</Filter>
    </ClInclude>
    <ClInclude Include="Enermy.h">
      <Filter>ContentsObject\Entity\PistonEntity\Enermy</Filter>
    </ClInclude>
  </ItemGroup>
  <ItemGroup>
    <ClCompile Include="pch.cpp">
      <Filter>pch</Filter>
    </ClCompile>
    <ClCompile Include="V6ContentsCore.cpp">
      <Filter>Core</Filter>
    </ClCompile>
    <ClCompile Include="PlayGameMode.cpp">
      <Filter>ContentsObject\GameMode</Filter>
    </ClCompile>
    <ClCompile Include="TitleGameMode.cpp">
      <Filter>ContentsObject\GameMode</Filter>
    </ClCompile>
    <ClCompile Include="EndingGameMode.cpp">
      <Filter>ContentsObject\GameMode</Filter>
    </ClCompile>
    <ClCompile Include="TileMapEditorMode.cpp">
      <Filter>ContentsObject\GameMode\MapEditor</Filter>
    </ClCompile>
    <ClCompile Include="GameConst.cpp">
      <Filter>Define</Filter>
    </ClCompile>
    <ClCompile Include="Enums.cpp">
      <Filter>Define</Filter>
    </ClCompile>
    <ClCompile Include="BackGround.cpp">
      <Filter>ContentsObject\Map\GameWorld\Room\BackGround</Filter>
    </ClCompile>
    <ClCompile Include="Room.cpp">
      <Filter>ContentsObject\Map\GameWorld\Room</Filter>
    </ClCompile>
    <ClCompile Include="Entity.cpp">
      <Filter>ContentsObject\Entity</Filter>
    </ClCompile>
    <ClCompile Include="PistonEntity.cpp">
      <Filter>ContentsObject\Entity\PistonEntity</Filter>
    </ClCompile>
    <ClCompile Include="Guy.cpp">
      <Filter>ContentsObject\Entity\Guy</Filter>
    </ClCompile>
    <ClCompile Include="Player.cpp">
      <Filter>ContentsObject\Player</Filter>
    </ClCompile>
    <ClCompile Include="Tile.cpp">
      <Filter>ContentsObject\Map\GameWorld\Room\Tile</Filter>
    </ClCompile>
    <ClCompile Include="GameWorld.cpp">
      <Filter>ContentsObject\Map\GameWorld</Filter>
    </ClCompile>
    <ClCompile Include="Platform.cpp">
      <Filter>ContentsObject\Entity\PistonEntity\Platform</Filter>
    </ClCompile>
    <ClCompile Include="CheckPoint.cpp">
      <Filter>ContentsObject\Entity\CheckPoint</Filter>
    </ClCompile>
    <ClCompile Include="Teleport.cpp">
      <Filter>ContentsObject\Entity\Teleport</Filter>
    </ClCompile>
    <ClCompile Include="Enermy.cpp">
      <Filter>ContentsObject\Entity\PistonEntity\Enermy</Filter>
    </ClCompile>
  </ItemGroup>
  <ItemGroup>
    <Filter Include="pch">
      <UniqueIdentifier>{bd4d06e2-b039-43fe-9c73-d95b33e15dcc}</UniqueIdentifier>
    </Filter>
    <Filter Include="ContentsObject">
      <UniqueIdentifier>{69a87ecc-0b23-491c-8a04-1dde47fe153b}</UniqueIdentifier>
    </Filter>
    <Filter Include="Core">
      <UniqueIdentifier>{f3a3a914-2c83-4125-a83c-2b478ad83ebe}</UniqueIdentifier>
    </Filter>
    <Filter Include="ContentsObject\GameMode">
      <UniqueIdentifier>{dd62fd73-dd9c-439a-bfa5-cecfa2f0a1fa}</UniqueIdentifier>
    </Filter>
    <Filter Include="ContentsObject\GameMode\MapEditor">
      <UniqueIdentifier>{c74ca425-9334-4363-b47e-71edc5d3b195}</UniqueIdentifier>
    </Filter>
    <Filter Include="ContentsObject\Map">
      <UniqueIdentifier>{9cb2d7da-da33-4b2c-a088-a0a5f034b315}</UniqueIdentifier>
    </Filter>
    <Filter Include="Define">
      <UniqueIdentifier>{d14c7087-ff09-40ac-9588-44d64ce3bf84}</UniqueIdentifier>
    </Filter>
    <Filter Include="ContentsObject\Entity">
      <UniqueIdentifier>{720a4477-9a73-4824-9bcb-fa23457e6975}</UniqueIdentifier>
    </Filter>
    <Filter Include="ContentsObject\Entity\Guy">
      <UniqueIdentifier>{6dcae77c-f5bc-4298-9ac9-379a4f4adc75}</UniqueIdentifier>
    </Filter>
    <Filter Include="ContentsObject\Map\GameWorld">
      <UniqueIdentifier>{25ecce1d-5a97-41f8-8c4c-92a17f83b833}</UniqueIdentifier>
    </Filter>
    <Filter Include="ContentsObject\Map\GameWorld\Room">
      <UniqueIdentifier>{8db26b39-9a52-47b3-82e3-c406f955466a}</UniqueIdentifier>
    </Filter>
    <Filter Include="ContentsObject\Map\GameWorld\Room\BackGround">
      <UniqueIdentifier>{cad76ed6-02be-47e9-a6e0-3aac7c51eff7}</UniqueIdentifier>
    </Filter>
    <Filter Include="ContentsObject\Map\GameWorld\Room\Tile">
      <UniqueIdentifier>{738c236f-b7ee-4bcc-87ca-78b7b56b1086}</UniqueIdentifier>
    </Filter>
    <Filter Include="ContentsObject\Entity\CheckPoint">
      <UniqueIdentifier>{7b97b20e-e3c5-4e36-b9db-4963a864f78a}</UniqueIdentifier>
    </Filter>
    <Filter Include="ContentsObject\Entity\PistonEntity">
      <UniqueIdentifier>{2d273734-dd48-4a7f-96db-95239822e905}</UniqueIdentifier>
    </Filter>
    <Filter Include="ContentsObject\Entity\PistonEntity\Platform">
      <UniqueIdentifier>{affa1a28-ad83-46c9-a2d1-66f19a0db784}</UniqueIdentifier>
    </Filter>
    <Filter Include="ContentsObject\Entity\Teleport">
      <UniqueIdentifier>{18c6074f-4b77-4309-ac80-9d49fd9b9904}</UniqueIdentifier>
    </Filter>
    <Filter Include="ContentsObject\Entity\PistonEntity\Enermy">
      <UniqueIdentifier>{19cc44ec-8ae6-464c-b4a2-f08c910a9e5c}</UniqueIdentifier>
    </Filter>
    <Filter Include="ContentsObject\Player">
      <UniqueIdentifier>{278c257d-048b-4beb-99bb-3d1657f2ea14}</UniqueIdentifier>
    </Filter>
  </ItemGroup>
  <ItemGroup>
    <Text Include="Think.txt" />
  </ItemGroup>
</Project>