<?xml version="1.0" encoding="utf-8"?>
<Project ToolsVersion="4.0" xmlns="http://schemas.microsoft.com/developer/msbuild/2003">
  <ItemGroup>
    <ClInclude Include="pch.h">
      <Filter>pch</Filter>
    </ClInclude>
    <ClInclude Include="V6ContentsCore.h">
      <Filter>Core</Filter>
    </ClInclude>
    <ClInclude Include="PlayGameMode.h">
      <Filter>ContentsObject\GameMode</Filter>
    </ClInclude>
    <ClInclude Include="Player.h">
      <Filter>ContentsObject\Global</Filter>
    </ClInclude>
    <ClInclude Include="Bullet.h" />
    <ClInclude Include="Enums.h" />
    <ClInclude Include="TitleGameMode.h">
      <Filter>ContentsObject\GameMode</Filter>
    </ClInclude>
    <ClInclude Include="EndingGameMode.h">
      <Filter>ContentsObject\GameMode</Filter>
    </ClInclude>
    <ClInclude Include="TileMapEditorMode.h">
      <Filter>ContentsObject\GameMode\MapEditor</Filter>
    </ClInclude>
    <ClInclude Include="TileMap.h">
      <Filter>ContentsObject\Global</Filter>
    </ClInclude>
    <ClInclude Include="..\EngineCore\GameString.h">
      <Filter>ContentsObject\Global</Filter>
    </ClInclude>
    <ClInclude Include="BackGround.h">
      <Filter>ContentsObject\Global</Filter>
    </ClInclude>
  </ItemGroup>
  <ItemGroup>
    <ClCompile Include="pch.cpp">
      <Filter>pch</Filter>
    </ClCompile>
    <ClCompile Include="V6ContentsCore.cpp">
      <Filter>Core</Filter>
    </ClCompile>
    <ClCompile Include="PlayGameMode.cpp">
      <Filter>ContentsObject\GameMode</Filter>
    </ClCompile>
    <ClCompile Include="Player.cpp">
      <Filter>ContentsObject\Global</Filter>
    </ClCompile>
    <ClCompile Include="Bullet.cpp" />
    <ClCompile Include="Enums.cpp" />
    <ClCompile Include="TitleGameMode.cpp">
      <Filter>ContentsObject\GameMode</Filter>
    </ClCompile>
    <ClCompile Include="EndingGameMode.cpp">
      <Filter>ContentsObject\GameMode</Filter>
    </ClCompile>
    <ClCompile Include="TileMapEditorMode.cpp">
      <Filter>ContentsObject\GameMode\MapEditor</Filter>
    </ClCompile>
    <ClCompile Include="TileMap.cpp">
      <Filter>ContentsObject\Global</Filter>
    </ClCompile>
    <ClCompile Include="..\EngineCore\GameString.cpp">
      <Filter>ContentsObject\Global</Filter>
    </ClCompile>
    <ClCompile Include="BackGround.cpp">
      <Filter>ContentsObject\Global</Filter>
    </ClCompile>
  </ItemGroup>
  <ItemGroup>
    <Filter Include="pch">
      <UniqueIdentifier>{bd4d06e2-b039-43fe-9c73-d95b33e15dcc}</UniqueIdentifier>
    </Filter>
    <Filter Include="ContentsObject">
      <UniqueIdentifier>{69a87ecc-0b23-491c-8a04-1dde47fe153b}</UniqueIdentifier>
    </Filter>
    <Filter Include="Core">
      <UniqueIdentifier>{f3a3a914-2c83-4125-a83c-2b478ad83ebe}</UniqueIdentifier>
    </Filter>
    <Filter Include="ContentsObject\GameMode">
      <UniqueIdentifier>{dd62fd73-dd9c-439a-bfa5-cecfa2f0a1fa}</UniqueIdentifier>
    </Filter>
    <Filter Include="ContentsObject\Global">
      <UniqueIdentifier>{720a4477-9a73-4824-9bcb-fa23457e6975}</UniqueIdentifier>
    </Filter>
    <Filter Include="ContentsObject\Play">
      <UniqueIdentifier>{69c0bcfb-ab48-4c33-a387-5e33c48b131c}</UniqueIdentifier>
    </Filter>
    <Filter Include="ContentsObject\GameMode\MapEditor">
      <UniqueIdentifier>{c74ca425-9334-4363-b47e-71edc5d3b195}</UniqueIdentifier>
    </Filter>
  </ItemGroup>
</Project>